// !$*UTF8*$!
{
	archiveVersion = 1;
	classes = {
	};
	objectVersion = 48;
	objects = {

/* Begin PBXBuildFile section */
		428C324D2B8F891188A60EBF /* Pods_MidTermProject.framework in Frameworks */ = {isa = PBXBuildFile; fileRef = 0522C7B8904003F3FB99C7E5 /* Pods_MidTermProject.framework */; };
		7EA3CF75209A58B600007961 /* AppDelegate.swift in Sources */ = {isa = PBXBuildFile; fileRef = 7EA3CF74209A58B600007961 /* AppDelegate.swift */; };
		7EA3CF77209A58B600007961 /* ViewController.swift in Sources */ = {isa = PBXBuildFile; fileRef = 7EA3CF76209A58B600007961 /* ViewController.swift */; };
		7EA3CF7A209A58B600007961 /* Main.storyboard in Resources */ = {isa = PBXBuildFile; fileRef = 7EA3CF78209A58B600007961 /* Main.storyboard */; };
		7EA3CF7C209A58B600007961 /* Assets.xcassets in Resources */ = {isa = PBXBuildFile; fileRef = 7EA3CF7B209A58B600007961 /* Assets.xcassets */; };
		7EA3CF7F209A58B600007961 /* LaunchScreen.storyboard in Resources */ = {isa = PBXBuildFile; fileRef = 7EA3CF7D209A58B600007961 /* LaunchScreen.storyboard */; };
		7EA3CF87209A59B300007961 /* GoogleService-Info.plist in Resources */ = {isa = PBXBuildFile; fileRef = 7EA3CF86209A59B200007961 /* GoogleService-Info.plist */; };
		F11497F8209B94B9005674A3 /* line@3x.png in Resources */ = {isa = PBXBuildFile; fileRef = F11497F5209B94B7005674A3 /* line@3x.png */; };
		F11497F9209B94B9005674A3 /* line@2x.png in Resources */ = {isa = PBXBuildFile; fileRef = F11497F6209B94B8005674A3 /* line@2x.png */; };
		F11497FA209B94B9005674A3 /* line.png in Resources */ = {isa = PBXBuildFile; fileRef = F11497F7209B94B8005674A3 /* line.png */; };
		F11497FE209B9F16005674A3 /* capsuleButton@2x.png in Resources */ = {isa = PBXBuildFile; fileRef = F11497FB209B9F14005674A3 /* capsuleButton@2x.png */; };
		F11497FF209B9F16005674A3 /* capsuleButton.png in Resources */ = {isa = PBXBuildFile; fileRef = F11497FC209B9F15005674A3 /* capsuleButton.png */; };
		F1149800209B9F16005674A3 /* capsuleButton@3x.png in Resources */ = {isa = PBXBuildFile; fileRef = F11497FD209B9F15005674A3 /* capsuleButton@3x.png */; };
		F1149803209BB0BF005674A3 /* TableViewCell.m in Sources */ = {isa = PBXBuildFile; fileRef = F1149802209BB0BF005674A3 /* TableViewCell.m */; };
		F1149806209BCE32005674A3 /* FullStoryView.m in Sources */ = {isa = PBXBuildFile; fileRef = F1149805209BCE32005674A3 /* FullStoryView.m */; };
		F1149809209C775D005674A3 /* FullStoryTableViewCell.m in Sources */ = {isa = PBXBuildFile; fileRef = F1149808209C775D005674A3 /* FullStoryTableViewCell.m */; };
		F114980D209C7E1C005674A3 /* editButton.png in Resources */ = {isa = PBXBuildFile; fileRef = F114980A209C7E19005674A3 /* editButton.png */; };
		F114980E209C7E1C005674A3 /* editButton@2x.png in Resources */ = {isa = PBXBuildFile; fileRef = F114980B209C7E1A005674A3 /* editButton@2x.png */; };
		F114980F209C7E1C005674A3 /* editButton@3x.png in Resources */ = {isa = PBXBuildFile; fileRef = F114980C209C7E1B005674A3 /* editButton@3x.png */; };
		F1149813209CA685005674A3 /* yellowCapsuleButton Copy.png in Resources */ = {isa = PBXBuildFile; fileRef = F1149810209CA683005674A3 /* yellowCapsuleButton Copy.png */; };
		F1149814209CA685005674A3 /* yellowCapsuleButton Copy@2x.png in Resources */ = {isa = PBXBuildFile; fileRef = F1149811209CA684005674A3 /* yellowCapsuleButton Copy@2x.png */; };
		F1149815209CA685005674A3 /* yellowCapsuleButton Copy@3x.png in Resources */ = {isa = PBXBuildFile; fileRef = F1149812209CA684005674A3 /* yellowCapsuleButton Copy@3x.png */; };
		F1149819209CA6FF005674A3 /* blueCapsuleButton.png in Resources */ = {isa = PBXBuildFile; fileRef = F1149816209CA6FB005674A3 /* blueCapsuleButton.png */; };
		F114981A209CA6FF005674A3 /* blueCapsuleButton@3x.png in Resources */ = {isa = PBXBuildFile; fileRef = F1149817209CA6FC005674A3 /* blueCapsuleButton@3x.png */; };
		F114981B209CA6FF005674A3 /* blueCapsuleButton@2x.png in Resources */ = {isa = PBXBuildFile; fileRef = F1149818209CA6FE005674A3 /* blueCapsuleButton@2x.png */; };
		F114981F209CA856005674A3 /* editButton2@2x.png in Resources */ = {isa = PBXBuildFile; fileRef = F114981C209CA853005674A3 /* editButton2@2x.png */; };
		F1149820209CA856005674A3 /* editButton2@3x.png in Resources */ = {isa = PBXBuildFile; fileRef = F114981D209CA854005674A3 /* editButton2@3x.png */; };
		F1149821209CA856005674A3 /* editButton2.png in Resources */ = {isa = PBXBuildFile; fileRef = F114981E209CA855005674A3 /* editButton2.png */; };
		F1149825209CA8E6005674A3 /* blueCapsuleButton2.png in Resources */ = {isa = PBXBuildFile; fileRef = F1149822209CA8E4005674A3 /* blueCapsuleButton2.png */; };
		F1149826209CA8E6005674A3 /* blueCapsuleButton2@3x.png in Resources */ = {isa = PBXBuildFile; fileRef = F1149823209CA8E5005674A3 /* blueCapsuleButton2@3x.png */; };
		F1149827209CA8E6005674A3 /* blueCapsuleButton2@2x.png in Resources */ = {isa = PBXBuildFile; fileRef = F1149824209CA8E5005674A3 /* blueCapsuleButton2@2x.png */; };
		F114982B209CAA5F005674A3 /* done.png in Resources */ = {isa = PBXBuildFile; fileRef = F1149828209CAA5C005674A3 /* done.png */; };
		F114982C209CAA5F005674A3 /* done@2x.png in Resources */ = {isa = PBXBuildFile; fileRef = F1149829209CAA5E005674A3 /* done@2x.png */; };
		F114982D209CAA5F005674A3 /* done@3x.png in Resources */ = {isa = PBXBuildFile; fileRef = F114982A209CAA5F005674A3 /* done@3x.png */; };
		F1149831209CAD99005674A3 /* done2@3x.png in Resources */ = {isa = PBXBuildFile; fileRef = F114982E209CAD94005674A3 /* done2@3x.png */; };
		F1149832209CAD99005674A3 /* done2.png in Resources */ = {isa = PBXBuildFile; fileRef = F114982F209CAD95005674A3 /* done2.png */; };
		F1149833209CAD99005674A3 /* done2@2x.png in Resources */ = {isa = PBXBuildFile; fileRef = F1149830209CAD97005674A3 /* done2@2x.png */; };
		F1149878209D1648005674A3 /* CommentsViewController.m in Sources */ = {isa = PBXBuildFile; fileRef = F1149877209D1648005674A3 /* CommentsViewController.m */; };
		F114987B209D1EAA005674A3 /* CommentTableViewCell.m in Sources */ = {isa = PBXBuildFile; fileRef = F114987A209D1EAA005674A3 /* CommentTableViewCell.m */; };
		F114987D209D20CF005674A3 /* Comments.swift in Sources */ = {isa = PBXBuildFile; fileRef = F114987C209D20CF005674A3 /* Comments.swift */; };
		F182B6CD209A632300CCE11B /*  Register.png in Resources */ = {isa = PBXBuildFile; fileRef = F182B6C7209A632100CCE11B /*  Register.png */; };
		F182B6CE209A632300CCE11B /*  Register@3x.png in Resources */ = {isa = PBXBuildFile; fileRef = F182B6C8209A632200CCE11B /*  Register@3x.png */; };
		F182B6CF209A632300CCE11B /* Launch Screen.png in Resources */ = {isa = PBXBuildFile; fileRef = F182B6C9209A632200CCE11B /* Launch Screen.png */; };
		F182B6D0209A632300CCE11B /* Launch Screen@3x.png in Resources */ = {isa = PBXBuildFile; fileRef = F182B6CA209A632200CCE11B /* Launch Screen@3x.png */; };
		F182B6D1209A632300CCE11B /* Launch Screen@2x.png in Resources */ = {isa = PBXBuildFile; fileRef = F182B6CB209A632200CCE11B /* Launch Screen@2x.png */; };
		F182B6D2209A632300CCE11B /*  Register@2x.png in Resources */ = {isa = PBXBuildFile; fileRef = F182B6CC209A632300CCE11B /*  Register@2x.png */; };
		F182B6DC209A80DE00CCE11B /* StoryViewController.m in Sources */ = {isa = PBXBuildFile; fileRef = F182B6DB209A80DE00CCE11B /* StoryViewController.m */; };
		F182B6DF209A80EA00CCE11B /* FriendsViewController.m in Sources */ = {isa = PBXBuildFile; fileRef = F182B6DE209A80EA00CCE11B /* FriendsViewController.m */; };
		F182B6E2209A80F400CCE11B /* RandomViewController.m in Sources */ = {isa = PBXBuildFile; fileRef = F182B6E1209A80F400CCE11B /* RandomViewController.m */; };
		F182B6E5209A810900CCE11B /* CurrentStoryViewController.m in Sources */ = {isa = PBXBuildFile; fileRef = F182B6E4209A810900CCE11B /* CurrentStoryViewController.m */; };
		F182B6E7209A879300CCE11B /* Stories.swift in Sources */ = {isa = PBXBuildFile; fileRef = F182B6E6209A879300CCE11B /* Stories.swift */; };
		F182B6E9209A896F00CCE11B /* User.swift in Sources */ = {isa = PBXBuildFile; fileRef = F182B6E8209A896F00CCE11B /* User.swift */; };
		F182B6ED209A8B4A00CCE11B /* bigAssButton.png in Resources */ = {isa = PBXBuildFile; fileRef = F182B6EA209A8B4800CCE11B /* bigAssButton.png */; };
		F182B6EE209A8B4A00CCE11B /* bigAssButton@2x.png in Resources */ = {isa = PBXBuildFile; fileRef = F182B6EB209A8B4900CCE11B /* bigAssButton@2x.png */; };
		F182B6EF209A8B4A00CCE11B /* bigAssButton@3x.png in Resources */ = {isa = PBXBuildFile; fileRef = F182B6EC209A8B4900CCE11B /* bigAssButton@3x.png */; };
		F182B6F3209B5C5800CCE11B /* bigAssButton2@3x.png in Resources */ = {isa = PBXBuildFile; fileRef = F182B6F0209B5C5700CCE11B /* bigAssButton2@3x.png */; };
		F182B6F4209B5C5800CCE11B /* bigAssButton2.png in Resources */ = {isa = PBXBuildFile; fileRef = F182B6F1209B5C5700CCE11B /* bigAssButton2.png */; };
		F182B6F5209B5C5800CCE11B /* bigAssButton2@2x.png in Resources */ = {isa = PBXBuildFile; fileRef = F182B6F2209B5C5700CCE11B /* bigAssButton2@2x.png */; };
		F182B6FD209B606500CCE11B /* CollectionViewCell.m in Sources */ = {isa = PBXBuildFile; fileRef = F182B6FC209B606500CCE11B /* CollectionViewCell.m */; };
		F182B700209B881200CCE11B /* AddStory.m in Sources */ = {isa = PBXBuildFile; fileRef = F182B6FF209B881200CCE11B /* AddStory.m */; };
/* End PBXBuildFile section */

/* Begin PBXFileReference section */
		0522C7B8904003F3FB99C7E5 /* Pods_MidTermProject.framework */ = {isa = PBXFileReference; explicitFileType = wrapper.framework; includeInIndex = 0; path = Pods_MidTermProject.framework; sourceTree = BUILT_PRODUCTS_DIR; };
		45806DBD28476955D552CBB9 /* Pods-MidTermProject.debug.xcconfig */ = {isa = PBXFileReference; includeInIndex = 1; lastKnownFileType = text.xcconfig; name = "Pods-MidTermProject.debug.xcconfig"; path = "Pods/Target Support Files/Pods-MidTermProject/Pods-MidTermProject.debug.xcconfig"; sourceTree = "<group>"; };
		45E5E1885702B868F9829BB9 /* Pods-MidTermProject.release.xcconfig */ = {isa = PBXFileReference; includeInIndex = 1; lastKnownFileType = text.xcconfig; name = "Pods-MidTermProject.release.xcconfig"; path = "Pods/Target Support Files/Pods-MidTermProject/Pods-MidTermProject.release.xcconfig"; sourceTree = "<group>"; };
		7EA3CF71209A58B600007961 /* MidTermProject.app */ = {isa = PBXFileReference; explicitFileType = wrapper.application; includeInIndex = 0; path = MidTermProject.app; sourceTree = BUILT_PRODUCTS_DIR; };
		7EA3CF74209A58B600007961 /* AppDelegate.swift */ = {isa = PBXFileReference; lastKnownFileType = sourcecode.swift; path = AppDelegate.swift; sourceTree = "<group>"; };
		7EA3CF76209A58B600007961 /* ViewController.swift */ = {isa = PBXFileReference; lastKnownFileType = sourcecode.swift; path = ViewController.swift; sourceTree = "<group>"; };
		7EA3CF79209A58B600007961 /* Base */ = {isa = PBXFileReference; lastKnownFileType = file.storyboard; name = Base; path = Base.lproj/Main.storyboard; sourceTree = "<group>"; };
		7EA3CF7B209A58B600007961 /* Assets.xcassets */ = {isa = PBXFileReference; lastKnownFileType = folder.assetcatalog; path = Assets.xcassets; sourceTree = "<group>"; };
		7EA3CF7E209A58B600007961 /* Base */ = {isa = PBXFileReference; lastKnownFileType = file.storyboard; name = Base; path = Base.lproj/LaunchScreen.storyboard; sourceTree = "<group>"; };
		7EA3CF80209A58B600007961 /* Info.plist */ = {isa = PBXFileReference; lastKnownFileType = text.plist.xml; path = Info.plist; sourceTree = "<group>"; };
		7EA3CF86209A59B200007961 /* GoogleService-Info.plist */ = {isa = PBXFileReference; fileEncoding = 4; lastKnownFileType = text.plist.xml; path = "GoogleService-Info.plist"; sourceTree = "<group>"; };
		F11497F5209B94B7005674A3 /* line@3x.png */ = {isa = PBXFileReference; lastKnownFileType = image.png; path = "line@3x.png"; sourceTree = "<group>"; };
		F11497F6209B94B8005674A3 /* line@2x.png */ = {isa = PBXFileReference; lastKnownFileType = image.png; path = "line@2x.png"; sourceTree = "<group>"; };
		F11497F7209B94B8005674A3 /* line.png */ = {isa = PBXFileReference; lastKnownFileType = image.png; path = line.png; sourceTree = "<group>"; };
		F11497FB209B9F14005674A3 /* capsuleButton@2x.png */ = {isa = PBXFileReference; lastKnownFileType = image.png; path = "capsuleButton@2x.png"; sourceTree = "<group>"; };
		F11497FC209B9F15005674A3 /* capsuleButton.png */ = {isa = PBXFileReference; lastKnownFileType = image.png; path = capsuleButton.png; sourceTree = "<group>"; };
		F11497FD209B9F15005674A3 /* capsuleButton@3x.png */ = {isa = PBXFileReference; lastKnownFileType = image.png; path = "capsuleButton@3x.png"; sourceTree = "<group>"; };
		F1149801209BB0BF005674A3 /* TableViewCell.h */ = {isa = PBXFileReference; lastKnownFileType = sourcecode.c.h; path = TableViewCell.h; sourceTree = "<group>"; };
		F1149802209BB0BF005674A3 /* TableViewCell.m */ = {isa = PBXFileReference; lastKnownFileType = sourcecode.c.objc; path = TableViewCell.m; sourceTree = "<group>"; };
		F1149804209BCE32005674A3 /* FullStoryView.h */ = {isa = PBXFileReference; lastKnownFileType = sourcecode.c.h; path = FullStoryView.h; sourceTree = "<group>"; };
		F1149805209BCE32005674A3 /* FullStoryView.m */ = {isa = PBXFileReference; lastKnownFileType = sourcecode.c.objc; path = FullStoryView.m; sourceTree = "<group>"; };
		F1149807209C775D005674A3 /* FullStoryTableViewCell.h */ = {isa = PBXFileReference; lastKnownFileType = sourcecode.c.h; path = FullStoryTableViewCell.h; sourceTree = "<group>"; };
		F1149808209C775D005674A3 /* FullStoryTableViewCell.m */ = {isa = PBXFileReference; lastKnownFileType = sourcecode.c.objc; path = FullStoryTableViewCell.m; sourceTree = "<group>"; };
		F114980A209C7E19005674A3 /* editButton.png */ = {isa = PBXFileReference; lastKnownFileType = image.png; path = editButton.png; sourceTree = "<group>"; };
		F114980B209C7E1A005674A3 /* editButton@2x.png */ = {isa = PBXFileReference; lastKnownFileType = image.png; path = "editButton@2x.png"; sourceTree = "<group>"; };
		F114980C209C7E1B005674A3 /* editButton@3x.png */ = {isa = PBXFileReference; lastKnownFileType = image.png; path = "editButton@3x.png"; sourceTree = "<group>"; };
		F1149810209CA683005674A3 /* yellowCapsuleButton Copy.png */ = {isa = PBXFileReference; lastKnownFileType = image.png; path = "yellowCapsuleButton Copy.png"; sourceTree = "<group>"; };
		F1149811209CA684005674A3 /* yellowCapsuleButton Copy@2x.png */ = {isa = PBXFileReference; lastKnownFileType = image.png; path = "yellowCapsuleButton Copy@2x.png"; sourceTree = "<group>"; };
		F1149812209CA684005674A3 /* yellowCapsuleButton Copy@3x.png */ = {isa = PBXFileReference; lastKnownFileType = image.png; path = "yellowCapsuleButton Copy@3x.png"; sourceTree = "<group>"; };
		F1149816209CA6FB005674A3 /* blueCapsuleButton.png */ = {isa = PBXFileReference; lastKnownFileType = image.png; path = blueCapsuleButton.png; sourceTree = "<group>"; };
		F1149817209CA6FC005674A3 /* blueCapsuleButton@3x.png */ = {isa = PBXFileReference; lastKnownFileType = image.png; path = "blueCapsuleButton@3x.png"; sourceTree = "<group>"; };
		F1149818209CA6FE005674A3 /* blueCapsuleButton@2x.png */ = {isa = PBXFileReference; lastKnownFileType = image.png; path = "blueCapsuleButton@2x.png"; sourceTree = "<group>"; };
		F114981C209CA853005674A3 /* editButton2@2x.png */ = {isa = PBXFileReference; lastKnownFileType = image.png; path = "editButton2@2x.png"; sourceTree = "<group>"; };
		F114981D209CA854005674A3 /* editButton2@3x.png */ = {isa = PBXFileReference; lastKnownFileType = image.png; path = "editButton2@3x.png"; sourceTree = "<group>"; };
		F114981E209CA855005674A3 /* editButton2.png */ = {isa = PBXFileReference; lastKnownFileType = image.png; path = editButton2.png; sourceTree = "<group>"; };
		F1149822209CA8E4005674A3 /* blueCapsuleButton2.png */ = {isa = PBXFileReference; lastKnownFileType = image.png; path = blueCapsuleButton2.png; sourceTree = "<group>"; };
		F1149823209CA8E5005674A3 /* blueCapsuleButton2@3x.png */ = {isa = PBXFileReference; lastKnownFileType = image.png; path = "blueCapsuleButton2@3x.png"; sourceTree = "<group>"; };
		F1149824209CA8E5005674A3 /* blueCapsuleButton2@2x.png */ = {isa = PBXFileReference; lastKnownFileType = image.png; path = "blueCapsuleButton2@2x.png"; sourceTree = "<group>"; };
		F1149828209CAA5C005674A3 /* done.png */ = {isa = PBXFileReference; lastKnownFileType = image.png; path = done.png; sourceTree = "<group>"; };
		F1149829209CAA5E005674A3 /* done@2x.png */ = {isa = PBXFileReference; lastKnownFileType = image.png; path = "done@2x.png"; sourceTree = "<group>"; };
		F114982A209CAA5F005674A3 /* done@3x.png */ = {isa = PBXFileReference; lastKnownFileType = image.png; path = "done@3x.png"; sourceTree = "<group>"; };
		F114982E209CAD94005674A3 /* done2@3x.png */ = {isa = PBXFileReference; lastKnownFileType = image.png; path = "done2@3x.png"; sourceTree = "<group>"; };
		F114982F209CAD95005674A3 /* done2.png */ = {isa = PBXFileReference; lastKnownFileType = image.png; path = done2.png; sourceTree = "<group>"; };
		F1149830209CAD97005674A3 /* done2@2x.png */ = {isa = PBXFileReference; lastKnownFileType = image.png; path = "done2@2x.png"; sourceTree = "<group>"; };
		F1149876209D1648005674A3 /* CommentsViewController.h */ = {isa = PBXFileReference; lastKnownFileType = sourcecode.c.h; path = CommentsViewController.h; sourceTree = "<group>"; };
		F1149877209D1648005674A3 /* CommentsViewController.m */ = {isa = PBXFileReference; lastKnownFileType = sourcecode.c.objc; path = CommentsViewController.m; sourceTree = "<group>"; };
		F1149879209D1EAA005674A3 /* CommentTableViewCell.h */ = {isa = PBXFileReference; lastKnownFileType = sourcecode.c.h; path = CommentTableViewCell.h; sourceTree = "<group>"; };
		F114987A209D1EAA005674A3 /* CommentTableViewCell.m */ = {isa = PBXFileReference; lastKnownFileType = sourcecode.c.objc; path = CommentTableViewCell.m; sourceTree = "<group>"; };
		F114987C209D20CF005674A3 /* Comments.swift */ = {isa = PBXFileReference; lastKnownFileType = sourcecode.swift; path = Comments.swift; sourceTree = "<group>"; };
		F182B6C7209A632100CCE11B /*  Register.png */ = {isa = PBXFileReference; lastKnownFileType = image.png; path = " Register.png"; sourceTree = "<group>"; };
		F182B6C8209A632200CCE11B /*  Register@3x.png */ = {isa = PBXFileReference; lastKnownFileType = image.png; path = " Register@3x.png"; sourceTree = "<group>"; };
		F182B6C9209A632200CCE11B /* Launch Screen.png */ = {isa = PBXFileReference; lastKnownFileType = image.png; path = "Launch Screen.png"; sourceTree = "<group>"; };
		F182B6CA209A632200CCE11B /* Launch Screen@3x.png */ = {isa = PBXFileReference; lastKnownFileType = image.png; path = "Launch Screen@3x.png"; sourceTree = "<group>"; };
		F182B6CB209A632200CCE11B /* Launch Screen@2x.png */ = {isa = PBXFileReference; lastKnownFileType = image.png; path = "Launch Screen@2x.png"; sourceTree = "<group>"; };
		F182B6CC209A632300CCE11B /*  Register@2x.png */ = {isa = PBXFileReference; lastKnownFileType = image.png; path = " Register@2x.png"; sourceTree = "<group>"; };
		F182B6D9209A80DE00CCE11B /* MidTermProject-Bridging-Header.h */ = {isa = PBXFileReference; lastKnownFileType = sourcecode.c.h; path = "MidTermProject-Bridging-Header.h"; sourceTree = "<group>"; };
		F182B6DA209A80DE00CCE11B /* StoryViewController.h */ = {isa = PBXFileReference; lastKnownFileType = sourcecode.c.h; path = StoryViewController.h; sourceTree = "<group>"; };
		F182B6DB209A80DE00CCE11B /* StoryViewController.m */ = {isa = PBXFileReference; lastKnownFileType = sourcecode.c.objc; path = StoryViewController.m; sourceTree = "<group>"; };
		F182B6DD209A80EA00CCE11B /* FriendsViewController.h */ = {isa = PBXFileReference; lastKnownFileType = sourcecode.c.h; path = FriendsViewController.h; sourceTree = "<group>"; };
		F182B6DE209A80EA00CCE11B /* FriendsViewController.m */ = {isa = PBXFileReference; lastKnownFileType = sourcecode.c.objc; path = FriendsViewController.m; sourceTree = "<group>"; };
		F182B6E0209A80F400CCE11B /* RandomViewController.h */ = {isa = PBXFileReference; lastKnownFileType = sourcecode.c.h; path = RandomViewController.h; sourceTree = "<group>"; };
		F182B6E1209A80F400CCE11B /* RandomViewController.m */ = {isa = PBXFileReference; lastKnownFileType = sourcecode.c.objc; path = RandomViewController.m; sourceTree = "<group>"; };
		F182B6E3209A810900CCE11B /* CurrentStoryViewController.h */ = {isa = PBXFileReference; lastKnownFileType = sourcecode.c.h; path = CurrentStoryViewController.h; sourceTree = "<group>"; };
		F182B6E4209A810900CCE11B /* CurrentStoryViewController.m */ = {isa = PBXFileReference; lastKnownFileType = sourcecode.c.objc; path = CurrentStoryViewController.m; sourceTree = "<group>"; };
		F182B6E6209A879300CCE11B /* Stories.swift */ = {isa = PBXFileReference; lastKnownFileType = sourcecode.swift; path = Stories.swift; sourceTree = "<group>"; };
		F182B6E8209A896F00CCE11B /* User.swift */ = {isa = PBXFileReference; lastKnownFileType = sourcecode.swift; path = User.swift; sourceTree = "<group>"; };
		F182B6EA209A8B4800CCE11B /* bigAssButton.png */ = {isa = PBXFileReference; lastKnownFileType = image.png; path = bigAssButton.png; sourceTree = "<group>"; };
		F182B6EB209A8B4900CCE11B /* bigAssButton@2x.png */ = {isa = PBXFileReference; lastKnownFileType = image.png; path = "bigAssButton@2x.png"; sourceTree = "<group>"; };
		F182B6EC209A8B4900CCE11B /* bigAssButton@3x.png */ = {isa = PBXFileReference; lastKnownFileType = image.png; path = "bigAssButton@3x.png"; sourceTree = "<group>"; };
		F182B6F0209B5C5700CCE11B /* bigAssButton2@3x.png */ = {isa = PBXFileReference; lastKnownFileType = image.png; path = "bigAssButton2@3x.png"; sourceTree = "<group>"; };
		F182B6F1209B5C5700CCE11B /* bigAssButton2.png */ = {isa = PBXFileReference; lastKnownFileType = image.png; path = bigAssButton2.png; sourceTree = "<group>"; };
		F182B6F2209B5C5700CCE11B /* bigAssButton2@2x.png */ = {isa = PBXFileReference; lastKnownFileType = image.png; path = "bigAssButton2@2x.png"; sourceTree = "<group>"; };
		F182B6FB209B606500CCE11B /* CollectionViewCell.h */ = {isa = PBXFileReference; lastKnownFileType = sourcecode.c.h; path = CollectionViewCell.h; sourceTree = "<group>"; };
		F182B6FC209B606500CCE11B /* CollectionViewCell.m */ = {isa = PBXFileReference; lastKnownFileType = sourcecode.c.objc; path = CollectionViewCell.m; sourceTree = "<group>"; };
		F182B6FE209B881200CCE11B /* AddStory.h */ = {isa = PBXFileReference; lastKnownFileType = sourcecode.c.h; path = AddStory.h; sourceTree = "<group>"; };
		F182B6FF209B881200CCE11B /* AddStory.m */ = {isa = PBXFileReference; lastKnownFileType = sourcecode.c.objc; path = AddStory.m; sourceTree = "<group>"; };
/* End PBXFileReference section */

/* Begin PBXFrameworksBuildPhase section */
		7EA3CF6E209A58B600007961 /* Frameworks */ = {
			isa = PBXFrameworksBuildPhase;
			buildActionMask = 2147483647;
			files = (
				428C324D2B8F891188A60EBF /* Pods_MidTermProject.framework in Frameworks */,
			);
			runOnlyForDeploymentPostprocessing = 0;
		};
/* End PBXFrameworksBuildPhase section */

/* Begin PBXGroup section */
		16DF2EB8F1EB15F65102EC95 /* Pods */ = {
			isa = PBXGroup;
			children = (
				45806DBD28476955D552CBB9 /* Pods-MidTermProject.debug.xcconfig */,
				45E5E1885702B868F9829BB9 /* Pods-MidTermProject.release.xcconfig */,
			);
			name = Pods;
			sourceTree = "<group>";
		};
		7EA3CF68209A58B600007961 = {
			isa = PBXGroup;
			children = (
				7EA3CF73209A58B600007961 /* MidTermProject */,
				7EA3CF72209A58B600007961 /* Products */,
				16DF2EB8F1EB15F65102EC95 /* Pods */,
				FD3841CFFE72B7CE717C6BCE /* Frameworks */,
			);
			sourceTree = "<group>";
		};
		7EA3CF72209A58B600007961 /* Products */ = {
			isa = PBXGroup;
			children = (
				7EA3CF71209A58B600007961 /* MidTermProject.app */,
			);
			name = Products;
			sourceTree = "<group>";
		};
		7EA3CF73209A58B600007961 /* MidTermProject */ = {
			isa = PBXGroup;
			children = (
				F182B6BA209A629400CCE11B /* images */,
				7EA3CF74209A58B600007961 /* AppDelegate.swift */,
				7EA3CF76209A58B600007961 /* ViewController.swift */,
				7EA3CF78209A58B600007961 /* Main.storyboard */,
				F1149876209D1648005674A3 /* CommentsViewController.h */,
				F1149877209D1648005674A3 /* CommentsViewController.m */,
				F1149879209D1EAA005674A3 /* CommentTableViewCell.h */,
				F114987A209D1EAA005674A3 /* CommentTableViewCell.m */,
				F1149807209C775D005674A3 /* FullStoryTableViewCell.h */,
				F1149808209C775D005674A3 /* FullStoryTableViewCell.m */,
				F1149804209BCE32005674A3 /* FullStoryView.h */,
				F1149805209BCE32005674A3 /* FullStoryView.m */,
				F1149801209BB0BF005674A3 /* TableViewCell.h */,
				F1149802209BB0BF005674A3 /* TableViewCell.m */,
				7EA3CF7B209A58B600007961 /* Assets.xcassets */,
				F182B6DA209A80DE00CCE11B /* StoryViewController.h */,
				F182B6DB209A80DE00CCE11B /* StoryViewController.m */,
				F114987C209D20CF005674A3 /* Comments.swift */,
				F182B6E6209A879300CCE11B /* Stories.swift */,
				F182B6E8209A896F00CCE11B /* User.swift */,
				F182B6DD209A80EA00CCE11B /* FriendsViewController.h */,
				F182B6FE209B881200CCE11B /* AddStory.h */,
				F182B6FF209B881200CCE11B /* AddStory.m */,
				F182B6FB209B606500CCE11B /* CollectionViewCell.h */,
				F182B6FC209B606500CCE11B /* CollectionViewCell.m */,
				F182B6DE209A80EA00CCE11B /* FriendsViewController.m */,
				F182B6E0209A80F400CCE11B /* RandomViewController.h */,
				F182B6E1209A80F400CCE11B /* RandomViewController.m */,
				F182B6E3209A810900CCE11B /* CurrentStoryViewController.h */,
				F182B6E4209A810900CCE11B /* CurrentStoryViewController.m */,
				7EA3CF7D209A58B600007961 /* LaunchScreen.storyboard */,
				7EA3CF80209A58B600007961 /* Info.plist */,
				7EA3CF86209A59B200007961 /* GoogleService-Info.plist */,
				F182B6D9209A80DE00CCE11B /* MidTermProject-Bridging-Header.h */,
			);
			path = MidTermProject;
			sourceTree = "<group>";
		};
		F182B6BA209A629400CCE11B /* images */ = {
			isa = PBXGroup;
			children = (
				F114982F209CAD95005674A3 /* done2.png */,
				F1149830209CAD97005674A3 /* done2@2x.png */,
				F114982E209CAD94005674A3 /* done2@3x.png */,
				F1149828209CAA5C005674A3 /* done.png */,
				F1149829209CAA5E005674A3 /* done@2x.png */,
				F114982A209CAA5F005674A3 /* done@3x.png */,
				F1149822209CA8E4005674A3 /* blueCapsuleButton2.png */,
				F1149824209CA8E5005674A3 /* blueCapsuleButton2@2x.png */,
				F1149823209CA8E5005674A3 /* blueCapsuleButton2@3x.png */,
				F114981E209CA855005674A3 /* editButton2.png */,
				F114981C209CA853005674A3 /* editButton2@2x.png */,
				F114981D209CA854005674A3 /* editButton2@3x.png */,
				F1149816209CA6FB005674A3 /* blueCapsuleButton.png */,
				F1149818209CA6FE005674A3 /* blueCapsuleButton@2x.png */,
				F1149817209CA6FC005674A3 /* blueCapsuleButton@3x.png */,
				F1149810209CA683005674A3 /* yellowCapsuleButton Copy.png */,
				F1149811209CA684005674A3 /* yellowCapsuleButton Copy@2x.png */,
				F1149812209CA684005674A3 /* yellowCapsuleButton Copy@3x.png */,
				F114980A209C7E19005674A3 /* editButton.png */,
				F114980B209C7E1A005674A3 /* editButton@2x.png */,
				F114980C209C7E1B005674A3 /* editButton@3x.png */,
				F11497FC209B9F15005674A3 /* capsuleButton.png */,
				F11497FB209B9F14005674A3 /* capsuleButton@2x.png */,
				F11497FD209B9F15005674A3 /* capsuleButton@3x.png */,
				F11497F7209B94B8005674A3 /* line.png */,
				F11497F6209B94B8005674A3 /* line@2x.png */,
				F11497F5209B94B7005674A3 /* line@3x.png */,
				F182B6F1209B5C5700CCE11B /* bigAssButton2.png */,
				F182B6F2209B5C5700CCE11B /* bigAssButton2@2x.png */,
				F182B6F0209B5C5700CCE11B /* bigAssButton2@3x.png */,
				F182B6EA209A8B4800CCE11B /* bigAssButton.png */,
				F182B6EB209A8B4900CCE11B /* bigAssButton@2x.png */,
				F182B6EC209A8B4900CCE11B /* bigAssButton@3x.png */,
				F182B6C7209A632100CCE11B /*  Register.png */,
				F182B6CC209A632300CCE11B /*  Register@2x.png */,
				F182B6C8209A632200CCE11B /*  Register@3x.png */,
				F182B6C9209A632200CCE11B /* Launch Screen.png */,
				F182B6CB209A632200CCE11B /* Launch Screen@2x.png */,
				F182B6CA209A632200CCE11B /* Launch Screen@3x.png */,
			);
			path = images;
			sourceTree = "<group>";
		};
		FD3841CFFE72B7CE717C6BCE /* Frameworks */ = {
			isa = PBXGroup;
			children = (
				0522C7B8904003F3FB99C7E5 /* Pods_MidTermProject.framework */,
			);
			name = Frameworks;
			sourceTree = "<group>";
		};
/* End PBXGroup section */

/* Begin PBXNativeTarget section */
		7EA3CF70209A58B600007961 /* MidTermProject */ = {
			isa = PBXNativeTarget;
			buildConfigurationList = 7EA3CF83209A58B600007961 /* Build configuration list for PBXNativeTarget "MidTermProject" */;
			buildPhases = (
				7471FE5051273411060AF282 /* [CP] Check Pods Manifest.lock */,
				7EA3CF6D209A58B600007961 /* Sources */,
				7EA3CF6E209A58B600007961 /* Frameworks */,
				7EA3CF6F209A58B600007961 /* Resources */,
				895EBDB6B91890B03AFD5286 /* [CP] Embed Pods Frameworks */,
			);
			buildRules = (
			);
			dependencies = (
			);
			name = MidTermProject;
			productName = MidTermProject;
			productReference = 7EA3CF71209A58B600007961 /* MidTermProject.app */;
			productType = "com.apple.product-type.application";
		};
/* End PBXNativeTarget section */

/* Begin PBXProject section */
		7EA3CF69209A58B600007961 /* Project object */ = {
			isa = PBXProject;
			attributes = {
				LastSwiftUpdateCheck = 0920;
				LastUpgradeCheck = 0920;
				ORGANIZATIONNAME = "Tyler Boudreau";
				TargetAttributes = {
					7EA3CF70209A58B600007961 = {
						CreatedOnToolsVersion = 9.2;
						LastSwiftMigration = 0920;
						ProvisioningStyle = Automatic;
					};
				};
			};
			buildConfigurationList = 7EA3CF6C209A58B600007961 /* Build configuration list for PBXProject "MidTermProject" */;
			compatibilityVersion = "Xcode 8.0";
			developmentRegion = en;
			hasScannedForEncodings = 0;
			knownRegions = (
				en,
				Base,
			);
			mainGroup = 7EA3CF68209A58B600007961;
			productRefGroup = 7EA3CF72209A58B600007961 /* Products */;
			projectDirPath = "";
			projectRoot = "";
			targets = (
				7EA3CF70209A58B600007961 /* MidTermProject */,
			);
		};
/* End PBXProject section */

/* Begin PBXResourcesBuildPhase section */
		7EA3CF6F209A58B600007961 /* Resources */ = {
			isa = PBXResourcesBuildPhase;
			buildActionMask = 2147483647;
			files = (
				F11497FF209B9F16005674A3 /* capsuleButton.png in Resources */,
				F1149800209B9F16005674A3 /* capsuleButton@3x.png in Resources */,
				F182B6F4209B5C5800CCE11B /* bigAssButton2.png in Resources */,
				F114981F209CA856005674A3 /* editButton2@2x.png in Resources */,
				F1149819209CA6FF005674A3 /* blueCapsuleButton.png in Resources */,
				7EA3CF7F209A58B600007961 /* LaunchScreen.storyboard in Resources */,
				F1149826209CA8E6005674A3 /* blueCapsuleButton2@3x.png in Resources */,
				F182B6F3209B5C5800CCE11B /* bigAssButton2@3x.png in Resources */,
				7EA3CF87209A59B300007961 /* GoogleService-Info.plist in Resources */,
				F182B6D2209A632300CCE11B /*  Register@2x.png in Resources */,
				F182B6CF209A632300CCE11B /* Launch Screen.png in Resources */,
				F114980E209C7E1C005674A3 /* editButton@2x.png in Resources */,
				F1149831209CAD99005674A3 /* done2@3x.png in Resources */,
				F1149815209CA685005674A3 /* yellowCapsuleButton Copy@3x.png in Resources */,
				F11497F8209B94B9005674A3 /* line@3x.png in Resources */,
				F182B6ED209A8B4A00CCE11B /* bigAssButton.png in Resources */,
				F182B6EE209A8B4A00CCE11B /* bigAssButton@2x.png in Resources */,
				F1149825209CA8E6005674A3 /* blueCapsuleButton2.png in Resources */,
				F1149820209CA856005674A3 /* editButton2@3x.png in Resources */,
				F182B6F5209B5C5800CCE11B /* bigAssButton2@2x.png in Resources */,
				F114982C209CAA5F005674A3 /* done@2x.png in Resources */,
				F114980D209C7E1C005674A3 /* editButton.png in Resources */,
				F11497FE209B9F16005674A3 /* capsuleButton@2x.png in Resources */,
				F182B6CD209A632300CCE11B /*  Register.png in Resources */,
				F114981B209CA6FF005674A3 /* blueCapsuleButton@2x.png in Resources */,
				F182B6EF209A8B4A00CCE11B /* bigAssButton@3x.png in Resources */,
				F1149827209CA8E6005674A3 /* blueCapsuleButton2@2x.png in Resources */,
				F1149821209CA856005674A3 /* editButton2.png in Resources */,
				F1149832209CAD99005674A3 /* done2.png in Resources */,
				F11497FA209B94B9005674A3 /* line.png in Resources */,
				7EA3CF7C209A58B600007961 /* Assets.xcassets in Resources */,
				F182B6D1209A632300CCE11B /* Launch Screen@2x.png in Resources */,
				F182B6D0209A632300CCE11B /* Launch Screen@3x.png in Resources */,
				F114982D209CAA5F005674A3 /* done@3x.png in Resources */,
				F114981A209CA6FF005674A3 /* blueCapsuleButton@3x.png in Resources */,
				F114982B209CAA5F005674A3 /* done.png in Resources */,
				7EA3CF7A209A58B600007961 /* Main.storyboard in Resources */,
				F114980F209C7E1C005674A3 /* editButton@3x.png in Resources */,
				F11497F9209B94B9005674A3 /* line@2x.png in Resources */,
				F182B6CE209A632300CCE11B /*  Register@3x.png in Resources */,
				F1149833209CAD99005674A3 /* done2@2x.png in Resources */,
				F1149813209CA685005674A3 /* yellowCapsuleButton Copy.png in Resources */,
				F1149814209CA685005674A3 /* yellowCapsuleButton Copy@2x.png in Resources */,
			);
			runOnlyForDeploymentPostprocessing = 0;
		};
/* End PBXResourcesBuildPhase section */

/* Begin PBXShellScriptBuildPhase section */
		7471FE5051273411060AF282 /* [CP] Check Pods Manifest.lock */ = {
			isa = PBXShellScriptBuildPhase;
			buildActionMask = 2147483647;
			files = (
			);
			inputPaths = (
				"${PODS_PODFILE_DIR_PATH}/Podfile.lock",
				"${PODS_ROOT}/Manifest.lock",
			);
			name = "[CP] Check Pods Manifest.lock";
			outputPaths = (
				"$(DERIVED_FILE_DIR)/Pods-MidTermProject-checkManifestLockResult.txt",
			);
			runOnlyForDeploymentPostprocessing = 0;
			shellPath = /bin/sh;
			shellScript = "diff \"${PODS_PODFILE_DIR_PATH}/Podfile.lock\" \"${PODS_ROOT}/Manifest.lock\" > /dev/null\nif [ $? != 0 ] ; then\n    # print error to STDERR\n    echo \"error: The sandbox is not in sync with the Podfile.lock. Run 'pod install' or update your CocoaPods installation.\" >&2\n    exit 1\nfi\n# This output is used by Xcode 'outputs' to avoid re-running this script phase.\necho \"SUCCESS\" > \"${SCRIPT_OUTPUT_FILE_0}\"\n";
			showEnvVarsInLog = 0;
		};
		895EBDB6B91890B03AFD5286 /* [CP] Embed Pods Frameworks */ = {
			isa = PBXShellScriptBuildPhase;
			buildActionMask = 2147483647;
			files = (
			);
			inputPaths = (
				"${SRCROOT}/Pods/Target Support Files/Pods-MidTermProject/Pods-MidTermProject-frameworks.sh",
				"${BUILT_PRODUCTS_DIR}/ChameleonFramework/ChameleonFramework.framework",
				"${BUILT_PRODUCTS_DIR}/GTMSessionFetcher/GTMSessionFetcher.framework",
				"${BUILT_PRODUCTS_DIR}/GoogleToolboxForMac/GoogleToolboxForMac.framework",
				"${BUILT_PRODUCTS_DIR}/SVProgressHUD/SVProgressHUD.framework",
				"${BUILT_PRODUCTS_DIR}/leveldb-library/leveldb.framework",
				"${BUILT_PRODUCTS_DIR}/nanopb/nanopb.framework",
			);
			name = "[CP] Embed Pods Frameworks";
			outputPaths = (
				"${TARGET_BUILD_DIR}/${FRAMEWORKS_FOLDER_PATH}/ChameleonFramework.framework",
				"${TARGET_BUILD_DIR}/${FRAMEWORKS_FOLDER_PATH}/GTMSessionFetcher.framework",
				"${TARGET_BUILD_DIR}/${FRAMEWORKS_FOLDER_PATH}/GoogleToolboxForMac.framework",
				"${TARGET_BUILD_DIR}/${FRAMEWORKS_FOLDER_PATH}/SVProgressHUD.framework",
				"${TARGET_BUILD_DIR}/${FRAMEWORKS_FOLDER_PATH}/leveldb.framework",
				"${TARGET_BUILD_DIR}/${FRAMEWORKS_FOLDER_PATH}/nanopb.framework",
			);
			runOnlyForDeploymentPostprocessing = 0;
			shellPath = /bin/sh;
			shellScript = "\"${SRCROOT}/Pods/Target Support Files/Pods-MidTermProject/Pods-MidTermProject-frameworks.sh\"\n";
			showEnvVarsInLog = 0;
		};
/* End PBXShellScriptBuildPhase section */

/* Begin PBXSourcesBuildPhase section */
		7EA3CF6D209A58B600007961 /* Sources */ = {
			isa = PBXSourcesBuildPhase;
			buildActionMask = 2147483647;
			files = (
				F182B6DF209A80EA00CCE11B /* FriendsViewController.m in Sources */,
				F1149806209BCE32005674A3 /* FullStoryView.m in Sources */,
				F182B6E2209A80F400CCE11B /* RandomViewController.m in Sources */,
				F182B6E5209A810900CCE11B /* CurrentStoryViewController.m in Sources */,
				F182B6FD209B606500CCE11B /* CollectionViewCell.m in Sources */,
				7EA3CF77209A58B600007961 /* ViewController.swift in Sources */,
				F182B6E9209A896F00CCE11B /* User.swift in Sources */,
				7EA3CF75209A58B600007961 /* AppDelegate.swift in Sources */,
				F182B6DC209A80DE00CCE11B /* StoryViewController.m in Sources */,
				F182B6E7209A879300CCE11B /* Stories.swift in Sources */,
				F1149809209C775D005674A3 /* FullStoryTableViewCell.m in Sources */,
				F1149803209BB0BF005674A3 /* TableViewCell.m in Sources */,
				F1149878209D1648005674A3 /* CommentsViewController.m in Sources */,
				F114987B209D1EAA005674A3 /* CommentTableViewCell.m in Sources */,
				F182B700209B881200CCE11B /* AddStory.m in Sources */,
				F114987D209D20CF005674A3 /* Comments.swift in Sources */,
			);
			runOnlyForDeploymentPostprocessing = 0;
		};
/* End PBXSourcesBuildPhase section */

/* Begin PBXVariantGroup section */
		7EA3CF78209A58B600007961 /* Main.storyboard */ = {
			isa = PBXVariantGroup;
			children = (
				7EA3CF79209A58B600007961 /* Base */,
			);
			name = Main.storyboard;
			sourceTree = "<group>";
		};
		7EA3CF7D209A58B600007961 /* LaunchScreen.storyboard */ = {
			isa = PBXVariantGroup;
			children = (
				7EA3CF7E209A58B600007961 /* Base */,
			);
			name = LaunchScreen.storyboard;
			sourceTree = "<group>";
		};
/* End PBXVariantGroup section */

/* Begin XCBuildConfiguration section */
		7EA3CF81209A58B600007961 /* Debug */ = {
			isa = XCBuildConfiguration;
			buildSettings = {
				ALWAYS_SEARCH_USER_PATHS = NO;
				CLANG_ANALYZER_NONNULL = YES;
				CLANG_ANALYZER_NUMBER_OBJECT_CONVERSION = YES_AGGRESSIVE;
				CLANG_CXX_LANGUAGE_STANDARD = "gnu++14";
				CLANG_CXX_LIBRARY = "libc++";
				CLANG_ENABLE_MODULES = YES;
				CLANG_ENABLE_OBJC_ARC = YES;
				CLANG_WARN_BLOCK_CAPTURE_AUTORELEASING = YES;
				CLANG_WARN_BOOL_CONVERSION = YES;
				CLANG_WARN_COMMA = YES;
				CLANG_WARN_CONSTANT_CONVERSION = YES;
				CLANG_WARN_DIRECT_OBJC_ISA_USAGE = YES_ERROR;
				CLANG_WARN_DOCUMENTATION_COMMENTS = YES;
				CLANG_WARN_EMPTY_BODY = YES;
				CLANG_WARN_ENUM_CONVERSION = YES;
				CLANG_WARN_INFINITE_RECURSION = YES;
				CLANG_WARN_INT_CONVERSION = YES;
				CLANG_WARN_NON_LITERAL_NULL_CONVERSION = YES;
				CLANG_WARN_OBJC_LITERAL_CONVERSION = YES;
				CLANG_WARN_OBJC_ROOT_CLASS = YES_ERROR;
				CLANG_WARN_RANGE_LOOP_ANALYSIS = YES;
				CLANG_WARN_STRICT_PROTOTYPES = YES;
				CLANG_WARN_SUSPICIOUS_MOVE = YES;
				CLANG_WARN_UNGUARDED_AVAILABILITY = YES_AGGRESSIVE;
				CLANG_WARN_UNREACHABLE_CODE = YES;
				CLANG_WARN__DUPLICATE_METHOD_MATCH = YES;
				CODE_SIGN_IDENTITY = "iPhone Developer";
				COPY_PHASE_STRIP = NO;
				DEBUG_INFORMATION_FORMAT = dwarf;
				ENABLE_STRICT_OBJC_MSGSEND = YES;
				ENABLE_TESTABILITY = YES;
				GCC_C_LANGUAGE_STANDARD = gnu11;
				GCC_DYNAMIC_NO_PIC = NO;
				GCC_NO_COMMON_BLOCKS = YES;
				GCC_OPTIMIZATION_LEVEL = 0;
				GCC_PREPROCESSOR_DEFINITIONS = (
					"DEBUG=1",
					"$(inherited)",
				);
				GCC_WARN_64_TO_32_BIT_CONVERSION = YES;
				GCC_WARN_ABOUT_RETURN_TYPE = YES_ERROR;
				GCC_WARN_UNDECLARED_SELECTOR = YES;
				GCC_WARN_UNINITIALIZED_AUTOS = YES_AGGRESSIVE;
				GCC_WARN_UNUSED_FUNCTION = YES;
				GCC_WARN_UNUSED_VARIABLE = YES;
				IPHONEOS_DEPLOYMENT_TARGET = 11.2;
				MTL_ENABLE_DEBUG_INFO = YES;
				ONLY_ACTIVE_ARCH = YES;
				SDKROOT = iphoneos;
				SWIFT_ACTIVE_COMPILATION_CONDITIONS = DEBUG;
				SWIFT_OPTIMIZATION_LEVEL = "-Onone";
			};
			name = Debug;
		};
		7EA3CF82209A58B600007961 /* Release */ = {
			isa = XCBuildConfiguration;
			buildSettings = {
				ALWAYS_SEARCH_USER_PATHS = NO;
				CLANG_ANALYZER_NONNULL = YES;
				CLANG_ANALYZER_NUMBER_OBJECT_CONVERSION = YES_AGGRESSIVE;
				CLANG_CXX_LANGUAGE_STANDARD = "gnu++14";
				CLANG_CXX_LIBRARY = "libc++";
				CLANG_ENABLE_MODULES = YES;
				CLANG_ENABLE_OBJC_ARC = YES;
				CLANG_WARN_BLOCK_CAPTURE_AUTORELEASING = YES;
				CLANG_WARN_BOOL_CONVERSION = YES;
				CLANG_WARN_COMMA = YES;
				CLANG_WARN_CONSTANT_CONVERSION = YES;
				CLANG_WARN_DIRECT_OBJC_ISA_USAGE = YES_ERROR;
				CLANG_WARN_DOCUMENTATION_COMMENTS = YES;
				CLANG_WARN_EMPTY_BODY = YES;
				CLANG_WARN_ENUM_CONVERSION = YES;
				CLANG_WARN_INFINITE_RECURSION = YES;
				CLANG_WARN_INT_CONVERSION = YES;
				CLANG_WARN_NON_LITERAL_NULL_CONVERSION = YES;
				CLANG_WARN_OBJC_LITERAL_CONVERSION = YES;
				CLANG_WARN_OBJC_ROOT_CLASS = YES_ERROR;
				CLANG_WARN_RANGE_LOOP_ANALYSIS = YES;
				CLANG_WARN_STRICT_PROTOTYPES = YES;
				CLANG_WARN_SUSPICIOUS_MOVE = YES;
				CLANG_WARN_UNGUARDED_AVAILABILITY = YES_AGGRESSIVE;
				CLANG_WARN_UNREACHABLE_CODE = YES;
				CLANG_WARN__DUPLICATE_METHOD_MATCH = YES;
				CODE_SIGN_IDENTITY = "iPhone Developer";
				COPY_PHASE_STRIP = NO;
				DEBUG_INFORMATION_FORMAT = "dwarf-with-dsym";
				ENABLE_NS_ASSERTIONS = NO;
				ENABLE_STRICT_OBJC_MSGSEND = YES;
				GCC_C_LANGUAGE_STANDARD = gnu11;
				GCC_NO_COMMON_BLOCKS = YES;
				GCC_WARN_64_TO_32_BIT_CONVERSION = YES;
				GCC_WARN_ABOUT_RETURN_TYPE = YES_ERROR;
				GCC_WARN_UNDECLARED_SELECTOR = YES;
				GCC_WARN_UNINITIALIZED_AUTOS = YES_AGGRESSIVE;
				GCC_WARN_UNUSED_FUNCTION = YES;
				GCC_WARN_UNUSED_VARIABLE = YES;
				IPHONEOS_DEPLOYMENT_TARGET = 11.2;
				MTL_ENABLE_DEBUG_INFO = NO;
				SDKROOT = iphoneos;
				SWIFT_OPTIMIZATION_LEVEL = "-Owholemodule";
				VALIDATE_PRODUCT = YES;
			};
			name = Release;
		};
		7EA3CF84209A58B600007961 /* Debug */ = {
			isa = XCBuildConfiguration;
			baseConfigurationReference = 45806DBD28476955D552CBB9 /* Pods-MidTermProject.debug.xcconfig */;
			buildSettings = {
				ASSETCATALOG_COMPILER_APPICON_NAME = AppIcon;
				CLANG_ENABLE_MODULES = YES;
				CODE_SIGN_STYLE = Automatic;
				DEVELOPMENT_TEAM = UE52HE9BWK;
				INFOPLIST_FILE = MidTermProject/Info.plist;
				LD_RUNPATH_SEARCH_PATHS = "$(inherited) @executable_path/Frameworks";
				PRODUCT_BUNDLE_IDENTIFIER = com.tylerboudreau.MidTermProject;
				PRODUCT_NAME = "$(TARGET_NAME)";
				SWIFT_OBJC_BRIDGING_HEADER = "MidTermProject/MidTermProject-Bridging-Header.h";
				SWIFT_OPTIMIZATION_LEVEL = "-Onone";
				SWIFT_VERSION = 4.0;
				TARGETED_DEVICE_FAMILY = "1,2";
			};
			name = Debug;
		};
		7EA3CF85209A58B600007961 /* Release */ = {
			isa = XCBuildConfiguration;
			baseConfigurationReference = 45E5E1885702B868F9829BB9 /* Pods-MidTermProject.release.xcconfig */;
			buildSettings = {
				ASSETCATALOG_COMPILER_APPICON_NAME = AppIcon;
				CLANG_ENABLE_MODULES = YES;
				CODE_SIGN_STYLE = Automatic;
				DEVELOPMENT_TEAM = UE52HE9BWK;
				INFOPLIST_FILE = MidTermProject/Info.plist;
				LD_RUNPATH_SEARCH_PATHS = "$(inherited) @executable_path/Frameworks";
				PRODUCT_BUNDLE_IDENTIFIER = com.tylerboudreau.MidTermProject;
				PRODUCT_NAME = "$(TARGET_NAME)";
				SWIFT_OBJC_BRIDGING_HEADER = "MidTermProject/MidTermProject-Bridging-Header.h";
				SWIFT_VERSION = 4.0;
				TARGETED_DEVICE_FAMILY = "1,2";
			};
			name = Release;
		};
/* End XCBuildConfiguration section */

/* Begin XCConfigurationList section */
		7EA3CF6C209A58B600007961 /* Build configuration list for PBXProject "MidTermProject" */ = {
			isa = XCConfigurationList;
			buildConfigurations = (
				7EA3CF81209A58B600007961 /* Debug */,
				7EA3CF82209A58B600007961 /* Release */,
			);
			defaultConfigurationIsVisible = 0;
			defaultConfigurationName = Release;
		};
		7EA3CF83209A58B600007961 /* Build configuration list for PBXNativeTarget "MidTermProject" */ = {
			isa = XCConfigurationList;
			buildConfigurations = (
				7EA3CF84209A58B600007961 /* Debug */,
				7EA3CF85209A58B600007961 /* Release */,
			);
			defaultConfigurationIsVisible = 0;
			defaultConfigurationName = Release;
		};
/* End XCConfigurationList section */
	};
	rootObject = 7EA3CF69209A58B600007961 /* Project object */;
}
